
Microsoft Visual Studio Solution File, Format Version 12.00
# Visual Studio Version 17
VisualStudioVersion = 17.1.32407.343
MinimumVisualStudioVersion = 10.0.40219.1
Project("{9A19103F-16F7-4668-BE54-9A1E7A4F7556}") = "WPFScholifyApp", "WPFScholifyApp\WPFScholifyApp.csproj", "{7C44DA86-23A4-4CF4-8B19-6A4D1B37DF06}"
EndProject
Project("{2150E333-8FDC-42A3-9474-1A3956D46DE8}") = "Solution Items", "Solution Items", "{C404CE1F-0622-4F55-816D-5629670C1713}"
	ProjectSection(SolutionItems) = preProject
		.editorconfig = .editorconfig
	EndProjectSection
EndProject
Project("{2150E333-8FDC-42A3-9474-1A3956D46DE8}") = "Tests", "Tests", "{00A535C8-2D45-4115-846B-CA2650D9FE77}"
EndProject
Project("{FAE04EC0-301F-11D3-BF4B-00C04F79EFBC}") = "UnitTests", "UnitTests\UnitTests.csproj", "{F2FDDAAC-6F91-4627-8983-60F811FF30CC}"
EndProject
Global
	GlobalSection(SolutionConfigurationPlatforms) = preSolution
		Debug|Any CPU = Debug|Any CPU
		Release|Any CPU = Release|Any CPU
	EndGlobalSection
	GlobalSection(ProjectConfigurationPlatforms) = postSolution
		{7C44DA86-23A4-4CF4-8B19-6A4D1B37DF06}.Debug|Any CPU.ActiveCfg = Debug|Any CPU
		{7C44DA86-23A4-4CF4-8B19-6A4D1B37DF06}.Debug|Any CPU.Build.0 = Debug|Any CPU
		{7C44DA86-23A4-4CF4-8B19-6A4D1B37DF06}.Release|Any CPU.ActiveCfg = Release|Any CPU
		{7C44DA86-23A4-4CF4-8B19-6A4D1B37DF06}.Release|Any CPU.Build.0 = Release|Any CPU
		{F2FDDAAC-6F91-4627-8983-60F811FF30CC}.Debug|Any CPU.ActiveCfg = Debug|Any CPU
		{F2FDDAAC-6F91-4627-8983-60F811FF30CC}.Debug|Any CPU.Build.0 = Debug|Any CPU
		{F2FDDAAC-6F91-4627-8983-60F811FF30CC}.Release|Any CPU.ActiveCfg = Release|Any CPU
		{F2FDDAAC-6F91-4627-8983-60F811FF30CC}.Release|Any CPU.Build.0 = Release|Any CPU
	EndGlobalSection
	GlobalSection(SolutionProperties) = preSolution
		HideSolutionNode = FALSE
	EndGlobalSection
	GlobalSection(NestedProjects) = preSolution
		{F2FDDAAC-6F91-4627-8983-60F811FF30CC} = {00A535C8-2D45-4115-846B-CA2650D9FE77}
	EndGlobalSection
	GlobalSection(ExtensibilityGlobals) = postSolution
		SolutionGuid = {DEF9051F-B17E-4DEE-9580-CA35E2187DE9}
	EndGlobalSection
EndGlobal
