
Microsoft Visual Studio Solution File, Format Version 12.00
# Visual Studio Version 17
VisualStudioVersion = 17.7.34031.279
MinimumVisualStudioVersion = 10.0.40219.1
Project("{FAE04EC0-301F-11D3-BF4B-00C04F79EFBC}") = "Scholify", "Scholify\Scholify.csproj", "{970E34CE-92DC-4D00-A4B2-4EDC38E549FD}"
EndProject
Global
	GlobalSection(SolutionConfigurationPlatforms) = preSolution
		Debug|Any CPU = Debug|Any CPU
		Release|Any CPU = Release|Any CPU
	EndGlobalSection
	GlobalSection(ProjectConfigurationPlatforms) = postSolution
		{970E34CE-92DC-4D00-A4B2-4EDC38E549FD}.Debug|Any CPU.ActiveCfg = Debug|Any CPU
		{970E34CE-92DC-4D00-A4B2-4EDC38E549FD}.Debug|Any CPU.Build.0 = Debug|Any CPU
		{970E34CE-92DC-4D00-A4B2-4EDC38E549FD}.Release|Any CPU.ActiveCfg = Release|Any CPU
		{970E34CE-92DC-4D00-A4B2-4EDC38E549FD}.Release|Any CPU.Build.0 = Release|Any CPU
	EndGlobalSection
	GlobalSection(SolutionProperties) = preSolution
		HideSolutionNode = FALSE
	EndGlobalSection
	GlobalSection(ExtensibilityGlobals) = postSolution
		SolutionGuid = {7D6F462C-FB7A-4F3E-8BD3-107F8202C570}
	EndGlobalSection
EndGlobal
